{
  "name": "blog-doc",
  "version": "1.0.0",
  "lockfileVersion": 2,
  "requires": true,
  "packages": {
    "": {
      "name": "blog-doc",
      "version": "1.0.0",
      "license": "MIT",
      "dependencies": {
        "@hono/node-server": "^1.1.0",
        "adm-zip": "^0.5.10",
        "eta": "^3.0.3",
        "highlight.js": "^11.8.0",
        "hono": "^3.3.2",
        "marked": "^5.1.1",
        "marked-highlight": "^2.0.1"
      }
    },
    "node_modules/@hono/node-server": {
      "version": "1.1.0",
      "resolved": "https://registry.npmjs.org/@hono/node-server/-/node-server-1.1.0.tgz",
      "integrity": "sha512-1dwun4NkN+SDhKmEcGwjrEwV0rqgCBsb78XvZTHa4JGXCne09bNCv0wDRyQXVj99nYLpANqANZ9ABlTGxS70MQ==",
      "engines": {
        "node": ">=18.0.0"
      }
    },
    "node_modules/adm-zip": {
      "version": "0.5.10",
      "resolved": "https://registry.npmjs.org/adm-zip/-/adm-zip-0.5.10.tgz",
      "integrity": "sha512-x0HvcHqVJNTPk/Bw8JbLWlWoo6Wwnsug0fnYYro1HBrjxZ3G7/AZk7Ahv8JwDe1uIcz8eBqvu86FuF1POiG7vQ==",
      "engines": {
        "node": ">=6.0"
      }
    },
    "node_modules/eta": {
      "version": "3.0.3",
      "resolved": "https://registry.npmjs.org/eta/-/eta-3.0.3.tgz",
      "integrity": "sha512-92A9Ag87aSb/y7e9EwA17VsbV1t2NmZNVlxtwHIkQcxYq20Ch7aAVNJqb5w6bsJVXRsBdvzn6R8WDPCHI9ewdA==",
      "engines": {
        "node": ">=6.0.0"
      },
      "funding": {
        "url": "https://github.com/eta-dev/eta?sponsor=1"
      }
    },
    "node_modules/highlight.js": {
      "version": "11.8.0",
      "resolved": "https://registry.npmjs.org/highlight.js/-/highlight.js-11.8.0.tgz",
      "integrity": "sha512-MedQhoqVdr0U6SSnWPzfiadUcDHfN/Wzq25AkXiQv9oiOO/sG0S7XkvpFIqWBl9Yq1UYyYOOVORs5UW2XlPyzg==",
      "engines": {
        "node": ">=12.0.0"
      }
    },
    "node_modules/hono": {
      "version": "3.3.3",
      "resolved": "https://registry.npmjs.org/hono/-/hono-3.3.3.tgz",
      "integrity": "sha512-k/KQw4GVvyJJT/qgbpLCeRSe7JT4USWkQkzXDNsRMbpWrrncT2Dj2rQQObDxnYZOYziZickgXvJHy+wuxsaunA==",
      "engines": {
        "node": ">=16.0.0"
      }
    },
    "node_modules/marked": {
      "version": "5.1.1",
      "resolved": "https://registry.npmjs.org/marked/-/marked-5.1.1.tgz",
      "integrity": "sha512-bTmmGdEINWmOMDjnPWDxGPQ4qkDLeYorpYbEtFOXzOruTwUE671q4Guiuchn4N8h/v6NGd7916kXsm3Iz4iUSg==",
      "bin": {
        "marked": "bin/marked.js"
      },
      "engines": {
        "node": ">= 18"
      }
    },
    "node_modules/marked-highlight": {
      "version": "2.0.1",
      "resolved": "https://registry.npmjs.org/marked-highlight/-/marked-highlight-2.0.1.tgz",
      "integrity": "sha512-LDUfR/zDvD+dJ+lQOWHkxvBLNxiXcaN8pBtwJ/i4pI0bkDC/Ef6Mz1qUrAuHXfnpdr2rabdMpVFhqFuU+5Mskg==",
      "peerDependencies": {
        "marked": "^4 || ^5"
      }
    }
  },
  "dependencies": {
    "@hono/node-server": {
      "version": "1.1.0",
      "resolved": "https://registry.npmjs.org/@hono/node-server/-/node-server-1.1.0.tgz",
      "integrity": "sha512-1dwun4NkN+SDhKmEcGwjrEwV0rqgCBsb78XvZTHa4JGXCne09bNCv0wDRyQXVj99nYLpANqANZ9ABlTGxS70MQ=="
    },
    "adm-zip": {
      "version": "0.5.10",
      "resolved": "https://registry.npmjs.org/adm-zip/-/adm-zip-0.5.10.tgz",
      "integrity": "sha512-x0HvcHqVJNTPk/Bw8JbLWlWoo6Wwnsug0fnYYro1HBrjxZ3G7/AZk7Ahv8JwDe1uIcz8eBqvu86FuF1POiG7vQ=="
    },
    "eta": {
      "version": "3.0.3",
      "resolved": "https://registry.npmjs.org/eta/-/eta-3.0.3.tgz",
      "integrity": "sha512-92A9Ag87aSb/y7e9EwA17VsbV1t2NmZNVlxtwHIkQcxYq20Ch7aAVNJqb5w6bsJVXRsBdvzn6R8WDPCHI9ewdA=="
    },
    "highlight.js": {
      "version": "11.8.0",
      "resolved": "https://registry.npmjs.org/highlight.js/-/highlight.js-11.8.0.tgz",
      "integrity": "sha512-MedQhoqVdr0U6SSnWPzfiadUcDHfN/Wzq25AkXiQv9oiOO/sG0S7XkvpFIqWBl9Yq1UYyYOOVORs5UW2XlPyzg=="
    },
    "hono": {
      "version": "3.3.3",
      "resolved": "https://registry.npmjs.org/hono/-/hono-3.3.3.tgz",
      "integrity": "sha512-k/KQw4GVvyJJT/qgbpLCeRSe7JT4USWkQkzXDNsRMbpWrrncT2Dj2rQQObDxnYZOYziZickgXvJHy+wuxsaunA=="
    },
    "marked": {
      "version": "5.1.1",
      "resolved": "https://registry.npmjs.org/marked/-/marked-5.1.1.tgz",
      "integrity": "sha512-bTmmGdEINWmOMDjnPWDxGPQ4qkDLeYorpYbEtFOXzOruTwUE671q4Guiuchn4N8h/v6NGd7916kXsm3Iz4iUSg=="
    },
    "marked-highlight": {
      "version": "2.0.1",
      "resolved": "https://registry.npmjs.org/marked-highlight/-/marked-highlight-2.0.1.tgz",
      "integrity": "sha512-LDUfR/zDvD+dJ+lQOWHkxvBLNxiXcaN8pBtwJ/i4pI0bkDC/Ef6Mz1qUrAuHXfnpdr2rabdMpVFhqFuU+5Mskg==",
      "requires": {}
    }
  }
}
