{
  "name": "blog-doc",
  "version": "1.0.0",
  "lockfileVersion": 2,
  "requires": true,
  "packages": {
    "": {
      "name": "blog-doc",
      "version": "1.0.0",
      "license": "MIT",
      "dependencies": {
        "@hono/node-server": "^1.1.1",
        "adm-zip": "^0.5.10",
        "eta": "^3.1.1",
        "hono": "^3.6.0",
        "marked": "^9.0.0"
      }
    },
    "node_modules/@hono/node-server": {
      "version": "1.1.1",
      "resolved": "https://registry.npmjs.org/@hono/node-server/-/node-server-1.1.1.tgz",
      "integrity": "sha512-0ZfrcW8Y+TAGNzKGoDB1iQ7Gv7uGsGDOYlz7nckXcHRpK60Oxuz1ttiFmdHYmI6kGO+/VJ8Iy58LDhoTPqkiow==",
      "engines": {
        "node": ">=18.0.0"
      }
    },
    "node_modules/adm-zip": {
      "version": "0.5.10",
      "resolved": "https://registry.npmjs.org/adm-zip/-/adm-zip-0.5.10.tgz",
      "integrity": "sha512-x0HvcHqVJNTPk/Bw8JbLWlWoo6Wwnsug0fnYYro1HBrjxZ3G7/AZk7Ahv8JwDe1uIcz8eBqvu86FuF1POiG7vQ==",
      "engines": {
        "node": ">=6.0"
      }
    },
    "node_modules/eta": {
      "version": "3.1.1",
      "resolved": "https://registry.npmjs.org/eta/-/eta-3.1.1.tgz",
      "integrity": "sha512-GVKq8BhYjvGiwKAnvPOnTwAHach3uHglvW0nG9gjEmo8ZIe8HR1aCLdQ97jlxXPcCWhB6E3rDWOk2fahFKG5Cw==",
      "engines": {
        "node": ">=6.0.0"
      },
      "funding": {
        "url": "https://github.com/eta-dev/eta?sponsor=1"
      }
    },
    "node_modules/hono": {
      "version": "3.6.0",
      "resolved": "https://registry.npmjs.org/hono/-/hono-3.6.0.tgz",
      "integrity": "sha512-snkW8naO1WCrQvpAGE/du30Ek0h71gSM3g4RzzdPIB2LQnl12BEwZYH3s2Kssd6kXGORqHmpoyMBMLWtc9nzKQ==",
      "engines": {
        "node": ">=16.0.0"
      }
    },
    "node_modules/marked": {
      "version": "9.0.0",
      "resolved": "https://registry.npmjs.org/marked/-/marked-9.0.0.tgz",
      "integrity": "sha512-37yoTpjU+TSXb9OBYY5n78z/CqXh76KiQj9xsKxEdztzU9fRLmbWO5YqKxgCVGKlNdexppnbKTkwB3RipVri8w==",
      "bin": {
        "marked": "bin/marked.js"
      },
      "engines": {
        "node": ">= 16"
      }
    }
  },
  "dependencies": {
    "@hono/node-server": {
      "version": "1.1.1",
      "resolved": "https://registry.npmjs.org/@hono/node-server/-/node-server-1.1.1.tgz",
      "integrity": "sha512-0ZfrcW8Y+TAGNzKGoDB1iQ7Gv7uGsGDOYlz7nckXcHRpK60Oxuz1ttiFmdHYmI6kGO+/VJ8Iy58LDhoTPqkiow=="
    },
    "adm-zip": {
      "version": "0.5.10",
      "resolved": "https://registry.npmjs.org/adm-zip/-/adm-zip-0.5.10.tgz",
      "integrity": "sha512-x0HvcHqVJNTPk/Bw8JbLWlWoo6Wwnsug0fnYYro1HBrjxZ3G7/AZk7Ahv8JwDe1uIcz8eBqvu86FuF1POiG7vQ=="
    },
    "eta": {
      "version": "3.1.1",
      "resolved": "https://registry.npmjs.org/eta/-/eta-3.1.1.tgz",
      "integrity": "sha512-GVKq8BhYjvGiwKAnvPOnTwAHach3uHglvW0nG9gjEmo8ZIe8HR1aCLdQ97jlxXPcCWhB6E3rDWOk2fahFKG5Cw=="
    },
    "hono": {
      "version": "3.6.0",
      "resolved": "https://registry.npmjs.org/hono/-/hono-3.6.0.tgz",
      "integrity": "sha512-snkW8naO1WCrQvpAGE/du30Ek0h71gSM3g4RzzdPIB2LQnl12BEwZYH3s2Kssd6kXGORqHmpoyMBMLWtc9nzKQ=="
    },
    "marked": {
      "version": "9.0.0",
      "resolved": "https://registry.npmjs.org/marked/-/marked-9.0.0.tgz",
      "integrity": "sha512-37yoTpjU+TSXb9OBYY5n78z/CqXh76KiQj9xsKxEdztzU9fRLmbWO5YqKxgCVGKlNdexppnbKTkwB3RipVri8w=="
    }
  }
}
