{
  "name": "blog-doc",
  "version": "3.0.0",
  "lockfileVersion": 2,
  "requires": true,
  "packages": {
    "": {
      "name": "blog-doc",
      "version": "3.0.0",
      "license": "MIT",
      "dependencies": {
        "adm-zip": "^0.5.15",
        "litenode": "^3.5.0",
        "marked": "^14.0.0"
      }
    },
    "../../LiteNode/package/litenode": {
      "version": "3.5.0",
      "extraneous": true,
      "license": "MIT"
    },
    "node_modules/adm-zip": {
      "version": "0.5.15",
      "resolved": "https://registry.npmjs.org/adm-zip/-/adm-zip-0.5.15.tgz",
      "integrity": "sha512-jYPWSeOA8EFoZnucrKCNihqBjoEGQSU4HKgHYQgKNEQ0pQF9a/DYuo/+fAxY76k4qe75LUlLWpAM1QWcBMTOKw==",
      "engines": {
        "node": ">=12.0"
      }
    },
    "node_modules/litenode": {
      "version": "3.5.0",
      "resolved": "https://registry.npmjs.org/litenode/-/litenode-3.5.0.tgz",
      "integrity": "sha512-z9kOS64mq0lo6Oi4Mlv7etbB+XXzpCvLJWZp//XvLqEuLmMCHBordmzAU2UOFcMHeCblfA666asu5Rbqku1A2A=="
    },
    "node_modules/marked": {
      "version": "14.0.0",
      "resolved": "https://registry.npmjs.org/marked/-/marked-14.0.0.tgz",
      "integrity": "sha512-uIj4+faQ+MgHgwUW1l2PsPglZLOLOT1uErt06dAPtx2kjteLAkbsd/0FiYg/MGS+i7ZKLb7w2WClxHkzOOuryQ==",
      "bin": {
        "marked": "bin/marked.js"
      },
      "engines": {
        "node": ">= 18"
      }
    }
  },
  "dependencies": {
    "adm-zip": {
      "version": "0.5.15",
      "resolved": "https://registry.npmjs.org/adm-zip/-/adm-zip-0.5.15.tgz",
      "integrity": "sha512-jYPWSeOA8EFoZnucrKCNihqBjoEGQSU4HKgHYQgKNEQ0pQF9a/DYuo/+fAxY76k4qe75LUlLWpAM1QWcBMTOKw=="
    },
    "litenode": {
      "version": "3.5.0",
      "resolved": "https://registry.npmjs.org/litenode/-/litenode-3.5.0.tgz",
      "integrity": "sha512-z9kOS64mq0lo6Oi4Mlv7etbB+XXzpCvLJWZp//XvLqEuLmMCHBordmzAU2UOFcMHeCblfA666asu5Rbqku1A2A=="
    },
    "marked": {
      "version": "14.0.0",
      "resolved": "https://registry.npmjs.org/marked/-/marked-14.0.0.tgz",
      "integrity": "sha512-uIj4+faQ+MgHgwUW1l2PsPglZLOLOT1uErt06dAPtx2kjteLAkbsd/0FiYg/MGS+i7ZKLb7w2WClxHkzOOuryQ=="
    }
  }
}
